
Microsoft Visual Studio Solution File, Format Version 12.00
# Visual Studio Version 17
VisualStudioVersion = 17.9.34701.34
MinimumVisualStudioVersion = 10.0.40219.1
Project("{FAE04EC0-301F-11D3-BF4B-00C04F79EFBC}") = "App.Clinic", "App.Clinic\App.Clinic.csproj", "{2C53F287-EE28-42F9-8705-B1D2F1421819}"
EndProject
Project("{FAE04EC0-301F-11D3-BF4B-00C04F79EFBC}") = "Library.Clinic", "Library.Clinic\Library.Clinic.csproj", "{EB78A75D-A491-4EEC-BA40-3D6A93B7C062}"
EndProject
Project("{2150E333-8FDC-42A3-9474-1A3956D46DE8}") = "Api.Clinic", "Api.Clinic", "{2FA268D8-0D42-419A-8AF6-63C09691E52C}"
EndProject
Project("{FAE04EC0-301F-11D3-BF4B-00C04F79EFBC}") = "Api.Clinic", "Api.Clinic\Api.Clinic\Api.Clinic.csproj", "{28AE1E6B-248F-4C7A-B0FF-BA07BA316B08}"
EndProject
Global
	GlobalSection(SolutionConfigurationPlatforms) = preSolution
		Debug|Any CPU = Debug|Any CPU
		Release|Any CPU = Release|Any CPU
	EndGlobalSection
	GlobalSection(ProjectConfigurationPlatforms) = postSolution
		{2C53F287-EE28-42F9-8705-B1D2F1421819}.Debug|Any CPU.ActiveCfg = Debug|Any CPU
		{2C53F287-EE28-42F9-8705-B1D2F1421819}.Debug|Any CPU.Build.0 = Debug|Any CPU
		{2C53F287-EE28-42F9-8705-B1D2F1421819}.Debug|Any CPU.Deploy.0 = Debug|Any CPU
		{2C53F287-EE28-42F9-8705-B1D2F1421819}.Release|Any CPU.ActiveCfg = Release|Any CPU
		{2C53F287-EE28-42F9-8705-B1D2F1421819}.Release|Any CPU.Build.0 = Release|Any CPU
		{2C53F287-EE28-42F9-8705-B1D2F1421819}.Release|Any CPU.Deploy.0 = Release|Any CPU
		{EB78A75D-A491-4EEC-BA40-3D6A93B7C062}.Debug|Any CPU.ActiveCfg = Debug|Any CPU
		{EB78A75D-A491-4EEC-BA40-3D6A93B7C062}.Debug|Any CPU.Build.0 = Debug|Any CPU
		{EB78A75D-A491-4EEC-BA40-3D6A93B7C062}.Release|Any CPU.ActiveCfg = Release|Any CPU
		{EB78A75D-A491-4EEC-BA40-3D6A93B7C062}.Release|Any CPU.Build.0 = Release|Any CPU
		{28AE1E6B-248F-4C7A-B0FF-BA07BA316B08}.Debug|Any CPU.ActiveCfg = Debug|Any CPU
		{28AE1E6B-248F-4C7A-B0FF-BA07BA316B08}.Debug|Any CPU.Build.0 = Debug|Any CPU
		{28AE1E6B-248F-4C7A-B0FF-BA07BA316B08}.Release|Any CPU.ActiveCfg = Release|Any CPU
		{28AE1E6B-248F-4C7A-B0FF-BA07BA316B08}.Release|Any CPU.Build.0 = Release|Any CPU
	EndGlobalSection
	GlobalSection(SolutionProperties) = preSolution
		HideSolutionNode = FALSE
	EndGlobalSection
	GlobalSection(ExtensibilityGlobals) = postSolution
		SolutionGuid = {02C449A9-7039-4A32-9EDE-3626E422D16A}
	EndGlobalSection
	GlobalSection(NestedProjects) = preSolution
		{28AE1E6B-248F-4C7A-B0FF-BA07BA316B08} = {2FA268D8-0D42-419A-8AF6-63C09691E52C}
	EndGlobalSection
EndGlobal
